// !$*UTF8*$!
{
	archiveVersion = 1;
	classes = {
	};
	objectVersion = 50;
	objects = {

/* Begin PBXBuildFile section */
		BF30C50A2287314200EBC18F /* ting.caf in Resources */ = {isa = PBXBuildFile; fileRef = BF30C5092287314200EBC18F /* ting.caf */; };
		BF597F4C226368360018BDB2 /* SettingHolder.swift in Sources */ = {isa = PBXBuildFile; fileRef = BF597F4B226368350018BDB2 /* SettingHolder.swift */; };
		BF597F4E2263A7CE0018BDB2 /* SettingsViewController.swift in Sources */ = {isa = PBXBuildFile; fileRef = BF597F4D2263A7CE0018BDB2 /* SettingsViewController.swift */; };
		BF9246C82251452E00C613AA /* AppDelegate.swift in Sources */ = {isa = PBXBuildFile; fileRef = BF9246C72251452E00C613AA /* AppDelegate.swift */; };
		BF9246CA2251452E00C613AA /* ViewController.swift in Sources */ = {isa = PBXBuildFile; fileRef = BF9246C92251452E00C613AA /* ViewController.swift */; };
		BF9246CD2251452E00C613AA /* Main.storyboard in Resources */ = {isa = PBXBuildFile; fileRef = BF9246CB2251452E00C613AA /* Main.storyboard */; };
		BF9246CF2251453000C613AA /* Assets.xcassets in Resources */ = {isa = PBXBuildFile; fileRef = BF9246CE2251453000C613AA /* Assets.xcassets */; };
		BF9246D22251453000C613AA /* LaunchScreen.storyboard in Resources */ = {isa = PBXBuildFile; fileRef = BF9246D02251453000C613AA /* LaunchScreen.storyboard */; };
		BF9246DD2251586000C613AA /* AVFoundation.framework in Frameworks */ = {isa = PBXBuildFile; fileRef = BF9246DC2251586000C613AA /* AVFoundation.framework */; };
		BF9246DF22515FE000C613AA /* ting.mp3 in Resources */ = {isa = PBXBuildFile; fileRef = BF9246DE22515FE000C613AA /* ting.mp3 */; };
		BF99267A227EFC0F004E74EF /* meliting_clock.jpg in Resources */ = {isa = PBXBuildFile; fileRef = BF992679227EFC0F004E74EF /* meliting_clock.jpg */; };
		BF99267C227F0B85004E74EF /* Default-568h@2x.png in Resources */ = {isa = PBXBuildFile; fileRef = BF99267B227F0B85004E74EF /* Default-568h@2x.png */; };
		BFB67EB02299B33E00730D2E /* 3Han.mp3 in Resources */ = {isa = PBXBuildFile; fileRef = BFB67EAF2299B33E00730D2E /* 3Han.mp3 */; };
/* End PBXBuildFile section */

/* Begin PBXFileReference section */
		BF30C5092287314200EBC18F /* ting.caf */ = {isa = PBXFileReference; lastKnownFileType = file; name = ting.caf; path = ../../../Downloads/ting.caf; sourceTree = "<group>"; };
		BF597F4B226368350018BDB2 /* SettingHolder.swift */ = {isa = PBXFileReference; lastKnownFileType = sourcecode.swift; path = SettingHolder.swift; sourceTree = "<group>"; };
		BF597F4D2263A7CE0018BDB2 /* SettingsViewController.swift */ = {isa = PBXFileReference; lastKnownFileType = sourcecode.swift; path = SettingsViewController.swift; sourceTree = "<group>"; };
		BF9246C42251452E00C613AA /* JHTimer.app */ = {isa = PBXFileReference; explicitFileType = wrapper.application; includeInIndex = 0; path = JHTimer.app; sourceTree = BUILT_PRODUCTS_DIR; };
		BF9246C72251452E00C613AA /* AppDelegate.swift */ = {isa = PBXFileReference; lastKnownFileType = sourcecode.swift; path = AppDelegate.swift; sourceTree = "<group>"; };
		BF9246C92251452E00C613AA /* ViewController.swift */ = {isa = PBXFileReference; lastKnownFileType = sourcecode.swift; path = ViewController.swift; sourceTree = "<group>"; };
		BF9246CC2251452E00C613AA /* Base */ = {isa = PBXFileReference; lastKnownFileType = file.storyboard; name = Base; path = Base.lproj/Main.storyboard; sourceTree = "<group>"; };
		BF9246CE2251453000C613AA /* Assets.xcassets */ = {isa = PBXFileReference; lastKnownFileType = folder.assetcatalog; path = Assets.xcassets; sourceTree = "<group>"; };
		BF9246D12251453000C613AA /* Base */ = {isa = PBXFileReference; lastKnownFileType = file.storyboard; name = Base; path = Base.lproj/LaunchScreen.storyboard; sourceTree = "<group>"; };
		BF9246D32251453000C613AA /* Info.plist */ = {isa = PBXFileReference; lastKnownFileType = text.plist.xml; path = Info.plist; sourceTree = "<group>"; };
		BF9246DC2251586000C613AA /* AVFoundation.framework */ = {isa = PBXFileReference; lastKnownFileType = wrapper.framework; name = AVFoundation.framework; path = System/Library/Frameworks/AVFoundation.framework; sourceTree = SDKROOT; };
		BF9246DE22515FE000C613AA /* ting.mp3 */ = {isa = PBXFileReference; lastKnownFileType = audio.mp3; name = ting.mp3; path = ../../../Downloads/ting.mp3; sourceTree = "<group>"; };
		BF992679227EFC0F004E74EF /* meliting_clock.jpg */ = {isa = PBXFileReference; lastKnownFileType = image.jpeg; name = meliting_clock.jpg; path = ../../meliting_clock.jpg; sourceTree = "<group>"; };
		BF99267B227F0B85004E74EF /* Default-568h@2x.png */ = {isa = PBXFileReference; lastKnownFileType = image.png; path = "Default-568h@2x.png"; sourceTree = "<group>"; };
		BFB67EAF2299B33E00730D2E /* 3Han.mp3 */ = {isa = PBXFileReference; lastKnownFileType = audio.mp3; name = 3Han.mp3; path = ../../../Documents/3Han.mp3; sourceTree = "<group>"; };
/* End PBXFileReference section */

/* Begin PBXFrameworksBuildPhase section */
		BF9246C12251452E00C613AA /* Frameworks */ = {
			isa = PBXFrameworksBuildPhase;
			buildActionMask = 2147483647;
			files = (
				BF9246DD2251586000C613AA /* AVFoundation.framework in Frameworks */,
			);
			runOnlyForDeploymentPostprocessing = 0;
		};
/* End PBXFrameworksBuildPhase section */

/* Begin PBXGroup section */
		BF9246BB2251452E00C613AA = {
			isa = PBXGroup;
			children = (
				BF99267B227F0B85004E74EF /* Default-568h@2x.png */,
				BF9246C62251452E00C613AA /* Timer1 */,
				BF9246C52251452E00C613AA /* Products */,
				BF9246DB2251586000C613AA /* Frameworks */,
			);
			sourceTree = "<group>";
		};
		BF9246C52251452E00C613AA /* Products */ = {
			isa = PBXGroup;
			children = (
				BF9246C42251452E00C613AA /* JHTimer.app */,
			);
			name = Products;
			sourceTree = "<group>";
		};
		BF9246C62251452E00C613AA /* Timer1 */ = {
			isa = PBXGroup;
			children = (
				BF9246C72251452E00C613AA /* AppDelegate.swift */,
				BF9246C92251452E00C613AA /* ViewController.swift */,
				BF597F4B226368350018BDB2 /* SettingHolder.swift */,
				BFB67EAF2299B33E00730D2E /* 3Han.mp3 */,
				BF9246CB2251452E00C613AA /* Main.storyboard */,
				BF597F4D2263A7CE0018BDB2 /* SettingsViewController.swift */,
				BF9246CE2251453000C613AA /* Assets.xcassets */,
				BF30C5092287314200EBC18F /* ting.caf */,
				BF992679227EFC0F004E74EF /* meliting_clock.jpg */,
				BF9246DE22515FE000C613AA /* ting.mp3 */,
				BF9246D02251453000C613AA /* LaunchScreen.storyboard */,
				BF9246D32251453000C613AA /* Info.plist */,
			);
			path = Timer1;
			sourceTree = "<group>";
		};
		BF9246DB2251586000C613AA /* Frameworks */ = {
			isa = PBXGroup;
			children = (
				BF9246DC2251586000C613AA /* AVFoundation.framework */,
			);
			name = Frameworks;
			sourceTree = "<group>";
		};
/* End PBXGroup section */

/* Begin PBXNativeTarget section */
		BF9246C32251452E00C613AA /* JHTimer */ = {
			isa = PBXNativeTarget;
			buildConfigurationList = BF9246D62251453100C613AA /* Build configuration list for PBXNativeTarget "JHTimer" */;
			buildPhases = (
				BF9246C02251452E00C613AA /* Sources */,
				BF9246C12251452E00C613AA /* Frameworks */,
				BF9246C22251452E00C613AA /* Resources */,
			);
			buildRules = (
			);
			dependencies = (
			);
			name = JHTimer;
			productName = Timer1;
			productReference = BF9246C42251452E00C613AA /* JHTimer.app */;
			productType = "com.apple.product-type.application";
		};
/* End PBXNativeTarget section */

/* Begin PBXProject section */
		BF9246BC2251452E00C613AA /* Project object */ = {
			isa = PBXProject;
			attributes = {
				LastSwiftUpdateCheck = 1020;
				LastUpgradeCheck = 1020;
				ORGANIZATIONNAME = "John Holland";
				TargetAttributes = {
					BF9246C32251452E00C613AA = {
						CreatedOnToolsVersion = 10.2;
						SystemCapabilities = {
							com.apple.BackgroundModes = {
								enabled = 1;
							};
						};
					};
				};
			};
			buildConfigurationList = BF9246BF2251452E00C613AA /* Build configuration list for PBXProject "JHTimer" */;
			compatibilityVersion = "Xcode 9.3";
			developmentRegion = en;
			hasScannedForEncodings = 0;
			knownRegions = (
				en,
				Base,
			);
			mainGroup = BF9246BB2251452E00C613AA;
			productRefGroup = BF9246C52251452E00C613AA /* Products */;
			projectDirPath = "";
			projectRoot = "";
			targets = (
				BF9246C32251452E00C613AA /* JHTimer */,
			);
		};
/* End PBXProject section */

/* Begin PBXResourcesBuildPhase section */
		BF9246C22251452E00C613AA /* Resources */ = {
			isa = PBXResourcesBuildPhase;
			buildActionMask = 2147483647;
			files = (
				BFB67EB02299B33E00730D2E /* 3Han.mp3 in Resources */,
				BF9246DF22515FE000C613AA /* ting.mp3 in Resources */,
				BF9246D22251453000C613AA /* LaunchScreen.storyboard in Resources */,
				BF9246CF2251453000C613AA /* Assets.xcassets in Resources */,
				BF30C50A2287314200EBC18F /* ting.caf in Resources */,
				BF99267A227EFC0F004E74EF /* meliting_clock.jpg in Resources */,
				BF9246CD2251452E00C613AA /* Main.storyboard in Resources */,
				BF99267C227F0B85004E74EF /* Default-568h@2x.png in Resources */,
			);
			runOnlyForDeploymentPostprocessing = 0;
		};
/* End PBXResourcesBuildPhase section */

/* Begin PBXSourcesBuildPhase section */
		BF9246C02251452E00C613AA /* Sources */ = {
			isa = PBXSourcesBuildPhase;
			buildActionMask = 2147483647;
			files = (
				BF9246CA2251452E00C613AA /* ViewController.swift in Sources */,
				BF597F4C226368360018BDB2 /* SettingHolder.swift in Sources */,
				BF9246C82251452E00C613AA /* AppDelegate.swift in Sources */,
				BF597F4E2263A7CE0018BDB2 /* SettingsViewController.swift in Sources */,
			);
			runOnlyForDeploymentPostprocessing = 0;
		};
/* End PBXSourcesBuildPhase section */

/* Begin PBXVariantGroup section */
		BF9246CB2251452E00C613AA /* Main.storyboard */ = {
			isa = PBXVariantGroup;
			children = (
				BF9246CC2251452E00C613AA /* Base */,
			);
			name = Main.storyboard;
			sourceTree = "<group>";
		};
		BF9246D02251453000C613AA /* LaunchScreen.storyboard */ = {
			isa = PBXVariantGroup;
			children = (
				BF9246D12251453000C613AA /* Base */,
			);
			name = LaunchScreen.storyboard;
			sourceTree = "<group>";
		};
/* End PBXVariantGroup section */

/* Begin XCBuildConfiguration section */
		BF9246D42251453100C613AA /* Debug */ = {
			isa = XCBuildConfiguration;
			buildSettings = {
				ALWAYS_SEARCH_USER_PATHS = NO;
				CLANG_ANALYZER_NONNULL = YES;
				CLANG_ANALYZER_NUMBER_OBJECT_CONVERSION = YES_AGGRESSIVE;
				CLANG_CXX_LANGUAGE_STANDARD = "gnu++14";
				CLANG_CXX_LIBRARY = "libc++";
				CLANG_ENABLE_MODULES = YES;
				CLANG_ENABLE_OBJC_ARC = YES;
				CLANG_ENABLE_OBJC_WEAK = YES;
				CLANG_WARN_BLOCK_CAPTURE_AUTORELEASING = YES;
				CLANG_WARN_BOOL_CONVERSION = YES;
				CLANG_WARN_COMMA = YES;
				CLANG_WARN_CONSTANT_CONVERSION = YES;
				CLANG_WARN_DEPRECATED_OBJC_IMPLEMENTATIONS = YES;
				CLANG_WARN_DIRECT_OBJC_ISA_USAGE = YES_ERROR;
				CLANG_WARN_DOCUMENTATION_COMMENTS = YES;
				CLANG_WARN_EMPTY_BODY = YES;
				CLANG_WARN_ENUM_CONVERSION = YES;
				CLANG_WARN_INFINITE_RECURSION = YES;
				CLANG_WARN_INT_CONVERSION = YES;
				CLANG_WARN_NON_LITERAL_NULL_CONVERSION = YES;
				CLANG_WARN_OBJC_IMPLICIT_RETAIN_SELF = YES;
				CLANG_WARN_OBJC_LITERAL_CONVERSION = YES;
				CLANG_WARN_OBJC_ROOT_CLASS = YES_ERROR;
				CLANG_WARN_RANGE_LOOP_ANALYSIS = YES;
				CLANG_WARN_STRICT_PROTOTYPES = YES;
				CLANG_WARN_SUSPICIOUS_MOVE = YES;
				CLANG_WARN_UNGUARDED_AVAILABILITY = YES_AGGRESSIVE;
				CLANG_WARN_UNREACHABLE_CODE = YES;
				CLANG_WARN__DUPLICATE_METHOD_MATCH = YES;
				CODE_SIGN_IDENTITY = "iPhone Developer";
				COPY_PHASE_STRIP = NO;
				DEBUG_INFORMATION_FORMAT = dwarf;
				ENABLE_STRICT_OBJC_MSGSEND = YES;
				ENABLE_TESTABILITY = YES;
				GCC_C_LANGUAGE_STANDARD = gnu11;
				GCC_DYNAMIC_NO_PIC = NO;
				GCC_NO_COMMON_BLOCKS = YES;
				GCC_OPTIMIZATION_LEVEL = 0;
				GCC_PREPROCESSOR_DEFINITIONS = (
					"DEBUG=1",
					"$(inherited)",
				);
				GCC_WARN_64_TO_32_BIT_CONVERSION = YES;
				GCC_WARN_ABOUT_RETURN_TYPE = YES_ERROR;
				GCC_WARN_UNDECLARED_SELECTOR = YES;
				GCC_WARN_UNINITIALIZED_AUTOS = YES_AGGRESSIVE;
				GCC_WARN_UNUSED_FUNCTION = YES;
				GCC_WARN_UNUSED_VARIABLE = YES;
				IPHONEOS_DEPLOYMENT_TARGET = 12.2;
				MTL_ENABLE_DEBUG_INFO = INCLUDE_SOURCE;
				MTL_FAST_MATH = YES;
				ONLY_ACTIVE_ARCH = YES;
				SDKROOT = iphoneos;
				SWIFT_ACTIVE_COMPILATION_CONDITIONS = DEBUG;
				SWIFT_OPTIMIZATION_LEVEL = "-Onone";
			};
			name = Debug;
		};
		BF9246D52251453100C613AA /* Release */ = {
			isa = XCBuildConfiguration;
			buildSettings = {
				ALWAYS_SEARCH_USER_PATHS = NO;
				CLANG_ANALYZER_NONNULL = YES;
				CLANG_ANALYZER_NUMBER_OBJECT_CONVERSION = YES_AGGRESSIVE;
				CLANG_CXX_LANGUAGE_STANDARD = "gnu++14";
				CLANG_CXX_LIBRARY = "libc++";
				CLANG_ENABLE_MODULES = YES;
				CLANG_ENABLE_OBJC_ARC = YES;
				CLANG_ENABLE_OBJC_WEAK = YES;
				CLANG_WARN_BLOCK_CAPTURE_AUTORELEASING = YES;
				CLANG_WARN_BOOL_CONVERSION = YES;
				CLANG_WARN_COMMA = YES;
				CLANG_WARN_CONSTANT_CONVERSION = YES;
				CLANG_WARN_DEPRECATED_OBJC_IMPLEMENTATIONS = YES;
				CLANG_WARN_DIRECT_OBJC_ISA_USAGE = YES_ERROR;
				CLANG_WARN_DOCUMENTATION_COMMENTS = YES;
				CLANG_WARN_EMPTY_BODY = YES;
				CLANG_WARN_ENUM_CONVERSION = YES;
				CLANG_WARN_INFINITE_RECURSION = YES;
				CLANG_WARN_INT_CONVERSION = YES;
				CLANG_WARN_NON_LITERAL_NULL_CONVERSION = YES;
				CLANG_WARN_OBJC_IMPLICIT_RETAIN_SELF = YES;
				CLANG_WARN_OBJC_LITERAL_CONVERSION = YES;
				CLANG_WARN_OBJC_ROOT_CLASS = YES_ERROR;
				CLANG_WARN_RANGE_LOOP_ANALYSIS = YES;
				CLANG_WARN_STRICT_PROTOTYPES = YES;
				CLANG_WARN_SUSPICIOUS_MOVE = YES;
				CLANG_WARN_UNGUARDED_AVAILABILITY = YES_AGGRESSIVE;
				CLANG_WARN_UNREACHABLE_CODE = YES;
				CLANG_WARN__DUPLICATE_METHOD_MATCH = YES;
				CODE_SIGN_IDENTITY = "iPhone Developer";
				COPY_PHASE_STRIP = NO;
				DEBUG_INFORMATION_FORMAT = "dwarf-with-dsym";
				ENABLE_NS_ASSERTIONS = NO;
				ENABLE_STRICT_OBJC_MSGSEND = YES;
				GCC_C_LANGUAGE_STANDARD = gnu11;
				GCC_NO_COMMON_BLOCKS = YES;
				GCC_WARN_64_TO_32_BIT_CONVERSION = YES;
				GCC_WARN_ABOUT_RETURN_TYPE = YES_ERROR;
				GCC_WARN_UNDECLARED_SELECTOR = YES;
				GCC_WARN_UNINITIALIZED_AUTOS = YES_AGGRESSIVE;
				GCC_WARN_UNUSED_FUNCTION = YES;
				GCC_WARN_UNUSED_VARIABLE = YES;
				IPHONEOS_DEPLOYMENT_TARGET = 12.2;
				MTL_ENABLE_DEBUG_INFO = NO;
				MTL_FAST_MATH = YES;
				SDKROOT = iphoneos;
				SWIFT_COMPILATION_MODE = wholemodule;
				SWIFT_OPTIMIZATION_LEVEL = "-O";
				VALIDATE_PRODUCT = YES;
			};
			name = Release;
		};
		BF9246D72251453100C613AA /* Debug */ = {
			isa = XCBuildConfiguration;
			buildSettings = {
				ASSETCATALOG_COMPILER_APPICON_NAME = AppIcon;
				CODE_SIGN_STYLE = Automatic;
				DEVELOPMENT_TEAM = 3FV25L4CU2;
				INFOPLIST_FILE = Timer1/Info.plist;
				IPHONEOS_DEPLOYMENT_TARGET = 12.1;
				LD_RUNPATH_SEARCH_PATHS = (
					"$(inherited)",
					"@executable_path/Frameworks",
				);
				PRODUCT_BUNDLE_IDENTIFIER = "vin-dit.org.Timer1";
				PRODUCT_NAME = "$(TARGET_NAME)";
				SWIFT_VERSION = 5.0;
				TARGETED_DEVICE_FAMILY = "1,2";
			};
			name = Debug;
		};
		BF9246D82251453100C613AA /* Release */ = {
			isa = XCBuildConfiguration;
			buildSettings = {
				ASSETCATALOG_COMPILER_APPICON_NAME = AppIcon;
				CODE_SIGN_STYLE = Automatic;
				DEVELOPMENT_TEAM = 3FV25L4CU2;
				INFOPLIST_FILE = Timer1/Info.plist;
				IPHONEOS_DEPLOYMENT_TARGET = 12.1;
				LD_RUNPATH_SEARCH_PATHS = (
					"$(inherited)",
					"@executable_path/Frameworks",
				);
				PRODUCT_BUNDLE_IDENTIFIER = "vin-dit.org.Timer1";
				PRODUCT_NAME = "$(TARGET_NAME)";
				SWIFT_VERSION = 5.0;
				TARGETED_DEVICE_FAMILY = "1,2";
			};
			name = Release;
		};
/* End XCBuildConfiguration section */

/* Begin XCConfigurationList section */
		BF9246BF2251452E00C613AA /* Build configuration list for PBXProject "JHTimer" */ = {
			isa = XCConfigurationList;
			buildConfigurations = (
				BF9246D42251453100C613AA /* Debug */,
				BF9246D52251453100C613AA /* Release */,
			);
			defaultConfigurationIsVisible = 0;
			defaultConfigurationName = Release;
		};
		BF9246D62251453100C613AA /* Build configuration list for PBXNativeTarget "JHTimer" */ = {
			isa = XCConfigurationList;
			buildConfigurations = (
				BF9246D72251453100C613AA /* Debug */,
				BF9246D82251453100C613AA /* Release */,
			);
			defaultConfigurationIsVisible = 0;
			defaultConfigurationName = Release;
		};
/* End XCConfigurationList section */
	};
	rootObject = BF9246BC2251452E00C613AA /* Project object */;
}
